
Microsoft Visual Studio Solution File, Format Version 12.00
# Visual Studio Version 17
VisualStudioVersion = 17.9.34616.47
MinimumVisualStudioVersion = 10.0.40219.1
Project("{FAE04EC0-301F-11D3-BF4B-00C04F79EFBC}") = "CitroenAPI", "CitroenAPI\CitroenAPI.csproj", "{3D97E5D1-8AA0-4CCD-A68D-45B06CE98A27}"
EndProject
Global
	GlobalSection(SolutionConfigurationPlatforms) = preSolution
		Debug|Any CPU = Debug|Any CPU
		Release|Any CPU = Release|Any CPU
	EndGlobalSection
	GlobalSection(ProjectConfigurationPlatforms) = postSolution
		{3D97E5D1-8AA0-4CCD-A68D-45B06CE98A27}.Debug|Any CPU.ActiveCfg = Debug|Any CPU
		{3D97E5D1-8AA0-4CCD-A68D-45B06CE98A27}.Debug|Any CPU.Build.0 = Debug|Any CPU
		{3D97E5D1-8AA0-4CCD-A68D-45B06CE98A27}.Release|Any CPU.ActiveCfg = Release|Any CPU
		{3D97E5D1-8AA0-4CCD-A68D-45B06CE98A27}.Release|Any CPU.Build.0 = Release|Any CPU
	EndGlobalSection
	GlobalSection(SolutionProperties) = preSolution
		HideSolutionNode = FALSE
	EndGlobalSection
	GlobalSection(ExtensibilityGlobals) = postSolution
		SolutionGuid = {FBC468A8-8EBF-40FB-BBA2-5A15ECD2357F}
	EndGlobalSection
EndGlobal
